
Microsoft Visual Studio Solution File, Format Version 12.00
# Visual Studio Version 17
VisualStudioVersion = 17.10.34916.146
MinimumVisualStudioVersion = 10.0.40219.1
Project("{9A19103F-16F7-4668-BE54-9A1E7A4F7556}") = "TangyWeb_Server", "TangyWeb\TangyWeb_Server.csproj", "{6F85F0BA-06EF-4E60-BBF1-9A110977A99F}"
EndProject
Project("{9A19103F-16F7-4668-BE54-9A1E7A4F7556}") = "TangyWeb_Client", "TangyWeb_Client\TangyWeb_Client.csproj", "{722C5E97-059C-4411-8243-E5C0CD024900}"
EndProject
Project("{9A19103F-16F7-4668-BE54-9A1E7A4F7556}") = "Tangy_Models", "Tangy_Models\Tangy_Models.csproj", "{D22F2AF8-59D2-4698-BCDB-675825078758}"
EndProject
Global
	GlobalSection(SolutionConfigurationPlatforms) = preSolution
		Debug|Any CPU = Debug|Any CPU
		Release|Any CPU = Release|Any CPU
	EndGlobalSection
	GlobalSection(ProjectConfigurationPlatforms) = postSolution
		{6F85F0BA-06EF-4E60-BBF1-9A110977A99F}.Debug|Any CPU.ActiveCfg = Debug|Any CPU
		{6F85F0BA-06EF-4E60-BBF1-9A110977A99F}.Debug|Any CPU.Build.0 = Debug|Any CPU
		{6F85F0BA-06EF-4E60-BBF1-9A110977A99F}.Release|Any CPU.ActiveCfg = Release|Any CPU
		{6F85F0BA-06EF-4E60-BBF1-9A110977A99F}.Release|Any CPU.Build.0 = Release|Any CPU
		{722C5E97-059C-4411-8243-E5C0CD024900}.Debug|Any CPU.ActiveCfg = Debug|Any CPU
		{722C5E97-059C-4411-8243-E5C0CD024900}.Debug|Any CPU.Build.0 = Debug|Any CPU
		{722C5E97-059C-4411-8243-E5C0CD024900}.Release|Any CPU.ActiveCfg = Release|Any CPU
		{722C5E97-059C-4411-8243-E5C0CD024900}.Release|Any CPU.Build.0 = Release|Any CPU
		{D22F2AF8-59D2-4698-BCDB-675825078758}.Debug|Any CPU.ActiveCfg = Debug|Any CPU
		{D22F2AF8-59D2-4698-BCDB-675825078758}.Debug|Any CPU.Build.0 = Debug|Any CPU
		{D22F2AF8-59D2-4698-BCDB-675825078758}.Release|Any CPU.ActiveCfg = Release|Any CPU
		{D22F2AF8-59D2-4698-BCDB-675825078758}.Release|Any CPU.Build.0 = Release|Any CPU
	EndGlobalSection
	GlobalSection(SolutionProperties) = preSolution
		HideSolutionNode = FALSE
	EndGlobalSection
	GlobalSection(ExtensibilityGlobals) = postSolution
		SolutionGuid = {8E3F2F73-98E1-42C4-A076-B0E5038D47A7}
	EndGlobalSection
EndGlobal
